// !$*UTF8*$!
{
	archiveVersion = 1;
	classes = {
	};
	objectVersion = 50;
	objects = {

/* Begin PBXBuildFile section */
		314A37BD2540C1F9008D7E25 /* PlayVideoApp.swift in Sources */ = {isa = PBXBuildFile; fileRef = 314A37BC2540C1F9008D7E25 /* PlayVideoApp.swift */; };
		314A37BF2540C1F9008D7E25 /* ContentView.swift in Sources */ = {isa = PBXBuildFile; fileRef = 314A37BE2540C1F9008D7E25 /* ContentView.swift */; };
		314A37C12540C1FC008D7E25 /* Assets.xcassets in Resources */ = {isa = PBXBuildFile; fileRef = 314A37C02540C1FC008D7E25 /* Assets.xcassets */; };
		314A37C42540C1FC008D7E25 /* Preview Assets.xcassets in Resources */ = {isa = PBXBuildFile; fileRef = 314A37C32540C1FC008D7E25 /* Preview Assets.xcassets */; };
		314A37CD2540C22C008D7E25 /* VideoPlayerView.swift in Sources */ = {isa = PBXBuildFile; fileRef = 314A37CC2540C22C008D7E25 /* VideoPlayerView.swift */; };
		314A37D12540C94A008D7E25 /* VideoControlView.swift in Sources */ = {isa = PBXBuildFile; fileRef = 314A37D02540C94A008D7E25 /* VideoControlView.swift */; };
/* End PBXBuildFile section */

/* Begin PBXFileReference section */
		314A37B92540C1F9008D7E25 /* PlayVideo.app */ = {isa = PBXFileReference; explicitFileType = wrapper.application; includeInIndex = 0; path = PlayVideo.app; sourceTree = BUILT_PRODUCTS_DIR; };
		314A37BC2540C1F9008D7E25 /* PlayVideoApp.swift */ = {isa = PBXFileReference; lastKnownFileType = sourcecode.swift; path = PlayVideoApp.swift; sourceTree = "<group>"; };
		314A37BE2540C1F9008D7E25 /* ContentView.swift */ = {isa = PBXFileReference; lastKnownFileType = sourcecode.swift; path = ContentView.swift; sourceTree = "<group>"; };
		314A37C02540C1FC008D7E25 /* Assets.xcassets */ = {isa = PBXFileReference; lastKnownFileType = folder.assetcatalog; path = Assets.xcassets; sourceTree = "<group>"; };
		314A37C32540C1FC008D7E25 /* Preview Assets.xcassets */ = {isa = PBXFileReference; lastKnownFileType = folder.assetcatalog; path = "Preview Assets.xcassets"; sourceTree = "<group>"; };
		314A37C52540C1FC008D7E25 /* Info.plist */ = {isa = PBXFileReference; lastKnownFileType = text.plist.xml; path = Info.plist; sourceTree = "<group>"; };
		314A37CC2540C22C008D7E25 /* VideoPlayerView.swift */ = {isa = PBXFileReference; lastKnownFileType = sourcecode.swift; path = VideoPlayerView.swift; sourceTree = "<group>"; };
		314A37D02540C94A008D7E25 /* VideoControlView.swift */ = {isa = PBXFileReference; lastKnownFileType = sourcecode.swift; path = VideoControlView.swift; sourceTree = "<group>"; };
/* End PBXFileReference section */

/* Begin PBXFrameworksBuildPhase section */
		314A37B62540C1F9008D7E25 /* Frameworks */ = {
			isa = PBXFrameworksBuildPhase;
			buildActionMask = 2147483647;
			files = (
			);
			runOnlyForDeploymentPostprocessing = 0;
		};
/* End PBXFrameworksBuildPhase section */

/* Begin PBXGroup section */
		314A37B02540C1F9008D7E25 = {
			isa = PBXGroup;
			children = (
				314A37BB2540C1F9008D7E25 /* PlayVideo */,
				314A37BA2540C1F9008D7E25 /* Products */,
			);
			sourceTree = "<group>";
		};
		314A37BA2540C1F9008D7E25 /* Products */ = {
			isa = PBXGroup;
			children = (
				314A37B92540C1F9008D7E25 /* PlayVideo.app */,
			);
			name = Products;
			sourceTree = "<group>";
		};
		314A37BB2540C1F9008D7E25 /* PlayVideo */ = {
			isa = PBXGroup;
			children = (
				314A37BC2540C1F9008D7E25 /* PlayVideoApp.swift */,
				314A37D02540C94A008D7E25 /* VideoControlView.swift */,
				314A37CC2540C22C008D7E25 /* VideoPlayerView.swift */,
				314A37BE2540C1F9008D7E25 /* ContentView.swift */,
				314A37C02540C1FC008D7E25 /* Assets.xcassets */,
				314A37C52540C1FC008D7E25 /* Info.plist */,
				314A37C22540C1FC008D7E25 /* Preview Content */,
			);
			path = PlayVideo;
			sourceTree = "<group>";
		};
		314A37C22540C1FC008D7E25 /* Preview Content */ = {
			isa = PBXGroup;
			children = (
				314A37C32540C1FC008D7E25 /* Preview Assets.xcassets */,
			);
			path = "Preview Content";
			sourceTree = "<group>";
		};
/* End PBXGroup section */

/* Begin PBXNativeTarget section */
		314A37B82540C1F9008D7E25 /* PlayVideo */ = {
			isa = PBXNativeTarget;
			buildConfigurationList = 314A37C82540C1FC008D7E25 /* Build configuration list for PBXNativeTarget "PlayVideo" */;
			buildPhases = (
				314A37B52540C1F9008D7E25 /* Sources */,
				314A37B62540C1F9008D7E25 /* Frameworks */,
				314A37B72540C1F9008D7E25 /* Resources */,
			);
			buildRules = (
			);
			dependencies = (
			);
			name = PlayVideo;
			productName = PlayVideo;
			productReference = 314A37B92540C1F9008D7E25 /* PlayVideo.app */;
			productType = "com.apple.product-type.application";
		};
/* End PBXNativeTarget section */

/* Begin PBXProject section */
		314A37B12540C1F9008D7E25 /* Project object */ = {
			isa = PBXProject;
			attributes = {
				LastSwiftUpdateCheck = 1200;
				LastUpgradeCheck = 1200;
				TargetAttributes = {
					314A37B82540C1F9008D7E25 = {
						CreatedOnToolsVersion = 12.0.1;
					};
				};
			};
			buildConfigurationList = 314A37B42540C1F9008D7E25 /* Build configuration list for PBXProject "PlayVideo" */;
			compatibilityVersion = "Xcode 9.3";
			developmentRegion = en;
			hasScannedForEncodings = 0;
			knownRegions = (
				en,
				Base,
			);
			mainGroup = 314A37B02540C1F9008D7E25;
			productRefGroup = 314A37BA2540C1F9008D7E25 /* Products */;
			projectDirPath = "";
			projectRoot = "";
			targets = (
				314A37B82540C1F9008D7E25 /* PlayVideo */,
			);
		};
/* End PBXProject section */

/* Begin PBXResourcesBuildPhase section */
		314A37B72540C1F9008D7E25 /* Resources */ = {
			isa = PBXResourcesBuildPhase;
			buildActionMask = 2147483647;
			files = (
				314A37C42540C1FC008D7E25 /* Preview Assets.xcassets in Resources */,
				314A37C12540C1FC008D7E25 /* Assets.xcassets in Resources */,
			);
			runOnlyForDeploymentPostprocessing = 0;
		};
/* End PBXResourcesBuildPhase section */

/* Begin PBXSourcesBuildPhase section */
		314A37B52540C1F9008D7E25 /* Sources */ = {
			isa = PBXSourcesBuildPhase;
			buildActionMask = 2147483647;
			files = (
				314A37D12540C94A008D7E25 /* VideoControlView.swift in Sources */,
				314A37BF2540C1F9008D7E25 /* ContentView.swift in Sources */,
				314A37BD2540C1F9008D7E25 /* PlayVideoApp.swift in Sources */,
				314A37CD2540C22C008D7E25 /* VideoPlayerView.swift in Sources */,
			);
			runOnlyForDeploymentPostprocessing = 0;
		};
/* End PBXSourcesBuildPhase section */

/* Begin XCBuildConfiguration section */
		314A37C62540C1FC008D7E25 /* Debug */ = {
			isa = XCBuildConfiguration;
			buildSettings = {
				ALWAYS_SEARCH_USER_PATHS = NO;
				CLANG_ANALYZER_NONNULL = YES;
				CLANG_ANALYZER_NUMBER_OBJECT_CONVERSION = YES_AGGRESSIVE;
				CLANG_CXX_LANGUAGE_STANDARD = "gnu++14";
				CLANG_CXX_LIBRARY = "libc++";
				CLANG_ENABLE_MODULES = YES;
				CLANG_ENABLE_OBJC_ARC = YES;
				CLANG_ENABLE_OBJC_WEAK = YES;
				CLANG_WARN_BLOCK_CAPTURE_AUTORELEASING = YES;
				CLANG_WARN_BOOL_CONVERSION = YES;
				CLANG_WARN_COMMA = YES;
				CLANG_WARN_CONSTANT_CONVERSION = YES;
				CLANG_WARN_DEPRECATED_OBJC_IMPLEMENTATIONS = YES;
				CLANG_WARN_DIRECT_OBJC_ISA_USAGE = YES_ERROR;
				CLANG_WARN_DOCUMENTATION_COMMENTS = YES;
				CLANG_WARN_EMPTY_BODY = YES;
				CLANG_WARN_ENUM_CONVERSION = YES;
				CLANG_WARN_INFINITE_RECURSION = YES;
				CLANG_WARN_INT_CONVERSION = YES;
				CLANG_WARN_NON_LITERAL_NULL_CONVERSION = YES;
				CLANG_WARN_OBJC_IMPLICIT_RETAIN_SELF = YES;
				CLANG_WARN_OBJC_LITERAL_CONVERSION = YES;
				CLANG_WARN_OBJC_ROOT_CLASS = YES_ERROR;
				CLANG_WARN_QUOTED_INCLUDE_IN_FRAMEWORK_HEADER = YES;
				CLANG_WARN_RANGE_LOOP_ANALYSIS = YES;
				CLANG_WARN_STRICT_PROTOTYPES = YES;
				CLANG_WARN_SUSPICIOUS_MOVE = YES;
				CLANG_WARN_UNGUARDED_AVAILABILITY = YES_AGGRESSIVE;
				CLANG_WARN_UNREACHABLE_CODE = YES;
				CLANG_WARN__DUPLICATE_METHOD_MATCH = YES;
				COPY_PHASE_STRIP = NO;
				DEBUG_INFORMATION_FORMAT = dwarf;
				ENABLE_STRICT_OBJC_MSGSEND = YES;
				ENABLE_TESTABILITY = YES;
				GCC_C_LANGUAGE_STANDARD = gnu11;
				GCC_DYNAMIC_NO_PIC = NO;
				GCC_NO_COMMON_BLOCKS = YES;
				GCC_OPTIMIZATION_LEVEL = 0;
				GCC_PREPROCESSOR_DEFINITIONS = (
					"DEBUG=1",
					"$(inherited)",
				);
				GCC_WARN_64_TO_32_BIT_CONVERSION = YES;
				GCC_WARN_ABOUT_RETURN_TYPE = YES_ERROR;
				GCC_WARN_UNDECLARED_SELECTOR = YES;
				GCC_WARN_UNINITIALIZED_AUTOS = YES_AGGRESSIVE;
				GCC_WARN_UNUSED_FUNCTION = YES;
				GCC_WARN_UNUSED_VARIABLE = YES;
				IPHONEOS_DEPLOYMENT_TARGET = 14.0;
				MTL_ENABLE_DEBUG_INFO = INCLUDE_SOURCE;
				MTL_FAST_MATH = YES;
				ONLY_ACTIVE_ARCH = YES;
				SDKROOT = iphoneos;
				SWIFT_ACTIVE_COMPILATION_CONDITIONS = DEBUG;
				SWIFT_OPTIMIZATION_LEVEL = "-Onone";
			};
			name = Debug;
		};
		314A37C72540C1FC008D7E25 /* Release */ = {
			isa = XCBuildConfiguration;
			buildSettings = {
				ALWAYS_SEARCH_USER_PATHS = NO;
				CLANG_ANALYZER_NONNULL = YES;
				CLANG_ANALYZER_NUMBER_OBJECT_CONVERSION = YES_AGGRESSIVE;
				CLANG_CXX_LANGUAGE_STANDARD = "gnu++14";
				CLANG_CXX_LIBRARY = "libc++";
				CLANG_ENABLE_MODULES = YES;
				CLANG_ENABLE_OBJC_ARC = YES;
				CLANG_ENABLE_OBJC_WEAK = YES;
				CLANG_WARN_BLOCK_CAPTURE_AUTORELEASING = YES;
				CLANG_WARN_BOOL_CONVERSION = YES;
				CLANG_WARN_COMMA = YES;
				CLANG_WARN_CONSTANT_CONVERSION = YES;
				CLANG_WARN_DEPRECATED_OBJC_IMPLEMENTATIONS = YES;
				CLANG_WARN_DIRECT_OBJC_ISA_USAGE = YES_ERROR;
				CLANG_WARN_DOCUMENTATION_COMMENTS = YES;
				CLANG_WARN_EMPTY_BODY = YES;
				CLANG_WARN_ENUM_CONVERSION = YES;
				CLANG_WARN_INFINITE_RECURSION = YES;
				CLANG_WARN_INT_CONVERSION = YES;
				CLANG_WARN_NON_LITERAL_NULL_CONVERSION = YES;
				CLANG_WARN_OBJC_IMPLICIT_RETAIN_SELF = YES;
				CLANG_WARN_OBJC_LITERAL_CONVERSION = YES;
				CLANG_WARN_OBJC_ROOT_CLASS = YES_ERROR;
				CLANG_WARN_QUOTED_INCLUDE_IN_FRAMEWORK_HEADER = YES;
				CLANG_WARN_RANGE_LOOP_ANALYSIS = YES;
				CLANG_WARN_STRICT_PROTOTYPES = YES;
				CLANG_WARN_SUSPICIOUS_MOVE = YES;
				CLANG_WARN_UNGUARDED_AVAILABILITY = YES_AGGRESSIVE;
				CLANG_WARN_UNREACHABLE_CODE = YES;
				CLANG_WARN__DUPLICATE_METHOD_MATCH = YES;
				COPY_PHASE_STRIP = NO;
				DEBUG_INFORMATION_FORMAT = "dwarf-with-dsym";
				ENABLE_NS_ASSERTIONS = NO;
				ENABLE_STRICT_OBJC_MSGSEND = YES;
				GCC_C_LANGUAGE_STANDARD = gnu11;
				GCC_NO_COMMON_BLOCKS = YES;
				GCC_WARN_64_TO_32_BIT_CONVERSION = YES;
				GCC_WARN_ABOUT_RETURN_TYPE = YES_ERROR;
				GCC_WARN_UNDECLARED_SELECTOR = YES;
				GCC_WARN_UNINITIALIZED_AUTOS = YES_AGGRESSIVE;
				GCC_WARN_UNUSED_FUNCTION = YES;
				GCC_WARN_UNUSED_VARIABLE = YES;
				IPHONEOS_DEPLOYMENT_TARGET = 14.0;
				MTL_ENABLE_DEBUG_INFO = NO;
				MTL_FAST_MATH = YES;
				SDKROOT = iphoneos;
				SWIFT_COMPILATION_MODE = wholemodule;
				SWIFT_OPTIMIZATION_LEVEL = "-O";
				VALIDATE_PRODUCT = YES;
			};
			name = Release;
		};
		314A37C92540C1FC008D7E25 /* Debug */ = {
			isa = XCBuildConfiguration;
			buildSettings = {
				ASSETCATALOG_COMPILER_APPICON_NAME = AppIcon;
				ASSETCATALOG_COMPILER_GLOBAL_ACCENT_COLOR_NAME = AccentColor;
				CODE_SIGN_STYLE = Automatic;
				DEVELOPMENT_ASSET_PATHS = "\"PlayVideo/Preview Content\"";
				DEVELOPMENT_TEAM = 98BMUDV2YN;
				ENABLE_PREVIEWS = YES;
				INFOPLIST_FILE = PlayVideo/Info.plist;
				IPHONEOS_DEPLOYMENT_TARGET = 14.0;
				LD_RUNPATH_SEARCH_PATHS = (
					"$(inherited)",
					"@executable_path/Frameworks",
				);
				PRODUCT_BUNDLE_IDENTIFIER = com.PlayVideo;
				PRODUCT_NAME = "$(TARGET_NAME)";
				SWIFT_VERSION = 5.0;
				TARGETED_DEVICE_FAMILY = "1,2";
			};
			name = Debug;
		};
		314A37CA2540C1FC008D7E25 /* Release */ = {
			isa = XCBuildConfiguration;
			buildSettings = {
				ASSETCATALOG_COMPILER_APPICON_NAME = AppIcon;
				ASSETCATALOG_COMPILER_GLOBAL_ACCENT_COLOR_NAME = AccentColor;
				CODE_SIGN_STYLE = Automatic;
				DEVELOPMENT_ASSET_PATHS = "\"PlayVideo/Preview Content\"";
				DEVELOPMENT_TEAM = 98BMUDV2YN;
				ENABLE_PREVIEWS = YES;
				INFOPLIST_FILE = PlayVideo/Info.plist;
				IPHONEOS_DEPLOYMENT_TARGET = 14.0;
				LD_RUNPATH_SEARCH_PATHS = (
					"$(inherited)",
					"@executable_path/Frameworks",
				);
				PRODUCT_BUNDLE_IDENTIFIER = com.PlayVideo;
				PRODUCT_NAME = "$(TARGET_NAME)";
				SWIFT_VERSION = 5.0;
				TARGETED_DEVICE_FAMILY = "1,2";
			};
			name = Release;
		};
/* End XCBuildConfiguration section */

/* Begin XCConfigurationList section */
		314A37B42540C1F9008D7E25 /* Build configuration list for PBXProject "PlayVideo" */ = {
			isa = XCConfigurationList;
			buildConfigurations = (
				314A37C62540C1FC008D7E25 /* Debug */,
				314A37C72540C1FC008D7E25 /* Release */,
			);
			defaultConfigurationIsVisible = 0;
			defaultConfigurationName = Release;
		};
		314A37C82540C1FC008D7E25 /* Build configuration list for PBXNativeTarget "PlayVideo" */ = {
			isa = XCConfigurationList;
			buildConfigurations = (
				314A37C92540C1FC008D7E25 /* Debug */,
				314A37CA2540C1FC008D7E25 /* Release */,
			);
			defaultConfigurationIsVisible = 0;
			defaultConfigurationName = Release;
		};
/* End XCConfigurationList section */
	};
	rootObject = 314A37B12540C1F9008D7E25 /* Project object */;
}
